{
  "nodes": {
    "myNvimConfig": {
      "flake": false,
      "locked": {
        "lastModified": 1767632138,
        "narHash": "sha256-9njnAvVu1zHIoBFuLjsDSVnm3XoR6Zl4atyZOLPUoB4=",
        "owner": "ViniciussSantos",
        "repo": "nvimconfig",
        "rev": "4184e3b119d00c07d69da2d4380693f54f60f04e",
        "type": "github"
      },
      "original": {
        "owner": "ViniciussSantos",
        "repo": "nvimconfig",
        "type": "github"
      }
    },
    "nixpkgs": {
      "locked": {
        "lastModified": 1767116409,
        "narHash": "sha256-5vKw92l1GyTnjoLzEagJy5V5mDFck72LiQWZSOnSicw=",
        "owner": "nixos",
        "repo": "nixpkgs",
        "rev": "cad22e7d996aea55ecab064e84834289143e44a0",
        "type": "github"
      },
      "original": {
        "owner": "nixos",
        "ref": "nixos-unstable",
        "repo": "nixpkgs",
        "type": "github"
      }
    },
    "root": {
      "inputs": {
        "myNvimConfig": "myNvimConfig",
        "nixpkgs": "nixpkgs"
      }
    }
  },
  "root": "root",
  "version": 7
}
